
Microsoft Visual Studio Solution File, Format Version 12.00
# Visual Studio Version 17
VisualStudioVersion = 17.6.33723.286
MinimumVisualStudioVersion = 10.0.40219.1
Project("{FAE04EC0-301F-11D3-BF4B-00C04F79EFBC}") = "Ex1003", "Ex1003\Ex1003.csproj", "{8D44ADC9-E295-423C-BDE8-ADA249A833D4}"
EndProject
Global
	GlobalSection(SolutionConfigurationPlatforms) = preSolution
		Debug|Any CPU = Debug|Any CPU
		Release|Any CPU = Release|Any CPU
	EndGlobalSection
	GlobalSection(ProjectConfigurationPlatforms) = postSolution
		{8D44ADC9-E295-423C-BDE8-ADA249A833D4}.Debug|Any CPU.ActiveCfg = Debug|Any CPU
		{8D44ADC9-E295-423C-BDE8-ADA249A833D4}.Debug|Any CPU.Build.0 = Debug|Any CPU
		{8D44ADC9-E295-423C-BDE8-ADA249A833D4}.Release|Any CPU.ActiveCfg = Release|Any CPU
		{8D44ADC9-E295-423C-BDE8-ADA249A833D4}.Release|Any CPU.Build.0 = Release|Any CPU
	EndGlobalSection
	GlobalSection(SolutionProperties) = preSolution
		HideSolutionNode = FALSE
	EndGlobalSection
	GlobalSection(ExtensibilityGlobals) = postSolution
		SolutionGuid = {12DEF96C-949B-438D-A888-7F91E5C712EF}
	EndGlobalSection
EndGlobal
