
Microsoft Visual Studio Solution File, Format Version 12.00
# Visual Studio Version 17
VisualStudioVersion = 17.6.33723.286
MinimumVisualStudioVersion = 10.0.40219.1
Project("{9A19103F-16F7-4668-BE54-9A1E7A4F7556}") = "Ex1003", "Ex1003\Ex1003.csproj", "{8D44ADC9-E295-423C-BDE8-ADA249A833D4}"
EndProject
Project("{FAE04EC0-301F-11D3-BF4B-00C04F79EFBC}") = "Ex1002", "Ex1002\Ex1002.csproj", "{ACAE7F9B-1420-4E84-8E33-2FC34085822B}"
EndProject
Project("{FAE04EC0-301F-11D3-BF4B-00C04F79EFBC}") = "Ex1007", "Ex1007\Ex1007.csproj", "{27036AD5-5D62-487B-AAC9-360462D7F4DF}"
EndProject
Project("{FAE04EC0-301F-11D3-BF4B-00C04F79EFBC}") = "Ex1012", "Ex1012\Ex1012.csproj", "{71BFF74A-F979-41A6-80DF-1FAB635E0D7A}"
EndProject
Global
	GlobalSection(SolutionConfigurationPlatforms) = preSolution
		Debug|Any CPU = Debug|Any CPU
		Release|Any CPU = Release|Any CPU
	EndGlobalSection
	GlobalSection(ProjectConfigurationPlatforms) = postSolution
		{8D44ADC9-E295-423C-BDE8-ADA249A833D4}.Debug|Any CPU.ActiveCfg = Debug|Any CPU
		{8D44ADC9-E295-423C-BDE8-ADA249A833D4}.Debug|Any CPU.Build.0 = Debug|Any CPU
		{8D44ADC9-E295-423C-BDE8-ADA249A833D4}.Release|Any CPU.ActiveCfg = Release|Any CPU
		{8D44ADC9-E295-423C-BDE8-ADA249A833D4}.Release|Any CPU.Build.0 = Release|Any CPU
		{ACAE7F9B-1420-4E84-8E33-2FC34085822B}.Debug|Any CPU.ActiveCfg = Debug|Any CPU
		{ACAE7F9B-1420-4E84-8E33-2FC34085822B}.Debug|Any CPU.Build.0 = Debug|Any CPU
		{ACAE7F9B-1420-4E84-8E33-2FC34085822B}.Release|Any CPU.ActiveCfg = Release|Any CPU
		{ACAE7F9B-1420-4E84-8E33-2FC34085822B}.Release|Any CPU.Build.0 = Release|Any CPU
		{27036AD5-5D62-487B-AAC9-360462D7F4DF}.Debug|Any CPU.ActiveCfg = Debug|Any CPU
		{27036AD5-5D62-487B-AAC9-360462D7F4DF}.Debug|Any CPU.Build.0 = Debug|Any CPU
		{27036AD5-5D62-487B-AAC9-360462D7F4DF}.Release|Any CPU.ActiveCfg = Release|Any CPU
		{27036AD5-5D62-487B-AAC9-360462D7F4DF}.Release|Any CPU.Build.0 = Release|Any CPU
		{71BFF74A-F979-41A6-80DF-1FAB635E0D7A}.Debug|Any CPU.ActiveCfg = Debug|Any CPU
		{71BFF74A-F979-41A6-80DF-1FAB635E0D7A}.Debug|Any CPU.Build.0 = Debug|Any CPU
		{71BFF74A-F979-41A6-80DF-1FAB635E0D7A}.Release|Any CPU.ActiveCfg = Release|Any CPU
		{71BFF74A-F979-41A6-80DF-1FAB635E0D7A}.Release|Any CPU.Build.0 = Release|Any CPU
	EndGlobalSection
	GlobalSection(SolutionProperties) = preSolution
		HideSolutionNode = FALSE
	EndGlobalSection
	GlobalSection(ExtensibilityGlobals) = postSolution
		SolutionGuid = {12DEF96C-949B-438D-A888-7F91E5C712EF}
	EndGlobalSection
EndGlobal
